
Microsoft Visual Studio Solution File, Format Version 12.00
# Visual Studio Version 17
VisualStudioVersion = 17.6.33815.320
MinimumVisualStudioVersion = 10.0.40219.1
Project("{FAE04EC0-301F-11D3-BF4B-00C04F79EFBC}") = "Twitter1", "Twitter1\Twitter1.csproj", "{A9D8C1F0-800B-4381-A725-EA3369D0105D}"
EndProject
Global
	GlobalSection(SolutionConfigurationPlatforms) = preSolution
		Debug|Any CPU = Debug|Any CPU
		Release|Any CPU = Release|Any CPU
	EndGlobalSection
	GlobalSection(ProjectConfigurationPlatforms) = postSolution
		{A9D8C1F0-800B-4381-A725-EA3369D0105D}.Debug|Any CPU.ActiveCfg = Debug|Any CPU
		{A9D8C1F0-800B-4381-A725-EA3369D0105D}.Debug|Any CPU.Build.0 = Debug|Any CPU
		{A9D8C1F0-800B-4381-A725-EA3369D0105D}.Release|Any CPU.ActiveCfg = Release|Any CPU
		{A9D8C1F0-800B-4381-A725-EA3369D0105D}.Release|Any CPU.Build.0 = Release|Any CPU
	EndGlobalSection
	GlobalSection(SolutionProperties) = preSolution
		HideSolutionNode = FALSE
	EndGlobalSection
	GlobalSection(ExtensibilityGlobals) = postSolution
		SolutionGuid = {1EA43AA9-22F2-49CB-A487-D72AA275B5F7}
	EndGlobalSection
EndGlobal
